<Solution>
  <Project Path="Assembly-CSharp-firstpass.csproj" />
  <Project Path="Assembly-CSharp.csproj" />
  <Project Path="ParticleImage.csproj" />
  <Project Path="RayFireAssembly.csproj" />
  <Project Path="AmazingAssets.CurvedWorld.Editor.csproj" />
  <Project Path="Assembly-CSharp-Editor.csproj" />
  <Project Path="Febucci.TextAnimator.Runtime.csproj" />
  <Project Path="RayFireEditorAssembly.csproj" />
  <Project Path="AmazingAssets.CurvedWorld.csproj" />
  <Project Path="Assembly-CSharp-Editor-firstpass.csproj" />
  <Project Path="Febucci.TextAnimator.Editor.csproj" />
  <Project Path="AmazingAssets.CurvedWorld.Editor.Universal.ShaderGUI.csproj" />
  <Project Path="Febucci.Attributes.Runtime.csproj" />
  <Project Path="ParticleImage.Editor.csproj" />
  <Project Path="Febucci.TextAnimator.Demo.Runtime.csproj" />
  <Project Path="Febucci.Attributes.Editor.csproj" />
  <Project Path="Febucci.TextAnimator.TMP.Runtime.csproj" />
</Solution>
